
Microsoft Visual Studio Solution File, Format Version 12.00
# Visual Studio Version 16
VisualStudioVersion = 16.0.30611.23
MinimumVisualStudioVersion = 10.0.40219.1
Project("{F184B08F-C81C-45F6-A57F-5ABD9991F28F}") = "1", "1\1.vbproj", "{B808107C-76AE-4278-A8F6-068424C7ED1F}"
EndProject
Project("{F184B08F-C81C-45F6-A57F-5ABD9991F28F}") = "firFile", "firFile\firFile.vbproj", "{507A1305-6AA5-4DF0-8A28-24AB68FC05B4}"
EndProject
Project("{F184B08F-C81C-45F6-A57F-5ABD9991F28F}") = "CSWeb", "CSWeb\CSWeb.vbproj", "{0191A6F2-DBB1-4515-8709-DA6A62CBE0DB}"
EndProject
Project("{F184B08F-C81C-45F6-A57F-5ABD9991F28F}") = "数据库操作", "数据库操作\数据库操作.vbproj", "{B250AE68-F4C3-49D8-BE2B-2C619BC59B1A}"
EndProject
Project("{F184B08F-C81C-45F6-A57F-5ABD9991F28F}") = "DBsen", "DBsen\DBsen.vbproj", "{BAA825B8-B979-4C92-AE0F-4AAEB860A4B8}"
EndProject
Global
	GlobalSection(SolutionConfigurationPlatforms) = preSolution
		Debug|Any CPU = Debug|Any CPU
		Debug|x64 = Debug|x64
		Debug|x86 = Debug|x86
		Release|Any CPU = Release|Any CPU
		Release|x64 = Release|x64
		Release|x86 = Release|x86
	EndGlobalSection
	GlobalSection(ProjectConfigurationPlatforms) = postSolution
		{B808107C-76AE-4278-A8F6-068424C7ED1F}.Debug|Any CPU.ActiveCfg = Debug|Any CPU
		{B808107C-76AE-4278-A8F6-068424C7ED1F}.Debug|Any CPU.Build.0 = Debug|Any CPU
		{B808107C-76AE-4278-A8F6-068424C7ED1F}.Debug|x64.ActiveCfg = Debug|x64
		{B808107C-76AE-4278-A8F6-068424C7ED1F}.Debug|x64.Build.0 = Debug|x64
		{B808107C-76AE-4278-A8F6-068424C7ED1F}.Debug|x86.ActiveCfg = Debug|x86
		{B808107C-76AE-4278-A8F6-068424C7ED1F}.Debug|x86.Build.0 = Debug|x86
		{B808107C-76AE-4278-A8F6-068424C7ED1F}.Release|Any CPU.ActiveCfg = Release|Any CPU
		{B808107C-76AE-4278-A8F6-068424C7ED1F}.Release|Any CPU.Build.0 = Release|Any CPU
		{B808107C-76AE-4278-A8F6-068424C7ED1F}.Release|x64.ActiveCfg = Release|x64
		{B808107C-76AE-4278-A8F6-068424C7ED1F}.Release|x64.Build.0 = Release|x64
		{B808107C-76AE-4278-A8F6-068424C7ED1F}.Release|x86.ActiveCfg = Release|x86
		{B808107C-76AE-4278-A8F6-068424C7ED1F}.Release|x86.Build.0 = Release|x86
		{507A1305-6AA5-4DF0-8A28-24AB68FC05B4}.Debug|Any CPU.ActiveCfg = Debug|Any CPU
		{507A1305-6AA5-4DF0-8A28-24AB68FC05B4}.Debug|Any CPU.Build.0 = Debug|Any CPU
		{507A1305-6AA5-4DF0-8A28-24AB68FC05B4}.Debug|x64.ActiveCfg = Debug|x64
		{507A1305-6AA5-4DF0-8A28-24AB68FC05B4}.Debug|x64.Build.0 = Debug|x64
		{507A1305-6AA5-4DF0-8A28-24AB68FC05B4}.Debug|x86.ActiveCfg = Debug|x86
		{507A1305-6AA5-4DF0-8A28-24AB68FC05B4}.Debug|x86.Build.0 = Debug|x86
		{507A1305-6AA5-4DF0-8A28-24AB68FC05B4}.Release|Any CPU.ActiveCfg = Release|Any CPU
		{507A1305-6AA5-4DF0-8A28-24AB68FC05B4}.Release|Any CPU.Build.0 = Release|Any CPU
		{507A1305-6AA5-4DF0-8A28-24AB68FC05B4}.Release|x64.ActiveCfg = Release|x64
		{507A1305-6AA5-4DF0-8A28-24AB68FC05B4}.Release|x64.Build.0 = Release|x64
		{507A1305-6AA5-4DF0-8A28-24AB68FC05B4}.Release|x86.ActiveCfg = Release|x86
		{507A1305-6AA5-4DF0-8A28-24AB68FC05B4}.Release|x86.Build.0 = Release|x86
		{0191A6F2-DBB1-4515-8709-DA6A62CBE0DB}.Debug|Any CPU.ActiveCfg = Debug|Any CPU
		{0191A6F2-DBB1-4515-8709-DA6A62CBE0DB}.Debug|Any CPU.Build.0 = Debug|Any CPU
		{0191A6F2-DBB1-4515-8709-DA6A62CBE0DB}.Debug|x64.ActiveCfg = Debug|Any CPU
		{0191A6F2-DBB1-4515-8709-DA6A62CBE0DB}.Debug|x64.Build.0 = Debug|Any CPU
		{0191A6F2-DBB1-4515-8709-DA6A62CBE0DB}.Debug|x86.ActiveCfg = Debug|Any CPU
		{0191A6F2-DBB1-4515-8709-DA6A62CBE0DB}.Debug|x86.Build.0 = Debug|Any CPU
		{0191A6F2-DBB1-4515-8709-DA6A62CBE0DB}.Release|Any CPU.ActiveCfg = Release|Any CPU
		{0191A6F2-DBB1-4515-8709-DA6A62CBE0DB}.Release|Any CPU.Build.0 = Release|Any CPU
		{0191A6F2-DBB1-4515-8709-DA6A62CBE0DB}.Release|x64.ActiveCfg = Release|Any CPU
		{0191A6F2-DBB1-4515-8709-DA6A62CBE0DB}.Release|x64.Build.0 = Release|Any CPU
		{0191A6F2-DBB1-4515-8709-DA6A62CBE0DB}.Release|x86.ActiveCfg = Release|Any CPU
		{0191A6F2-DBB1-4515-8709-DA6A62CBE0DB}.Release|x86.Build.0 = Release|Any CPU
		{B250AE68-F4C3-49D8-BE2B-2C619BC59B1A}.Debug|Any CPU.ActiveCfg = Debug|Any CPU
		{B250AE68-F4C3-49D8-BE2B-2C619BC59B1A}.Debug|Any CPU.Build.0 = Debug|Any CPU
		{B250AE68-F4C3-49D8-BE2B-2C619BC59B1A}.Debug|x64.ActiveCfg = Debug|Any CPU
		{B250AE68-F4C3-49D8-BE2B-2C619BC59B1A}.Debug|x64.Build.0 = Debug|Any CPU
		{B250AE68-F4C3-49D8-BE2B-2C619BC59B1A}.Debug|x86.ActiveCfg = Debug|Any CPU
		{B250AE68-F4C3-49D8-BE2B-2C619BC59B1A}.Debug|x86.Build.0 = Debug|Any CPU
		{B250AE68-F4C3-49D8-BE2B-2C619BC59B1A}.Release|Any CPU.ActiveCfg = Release|Any CPU
		{B250AE68-F4C3-49D8-BE2B-2C619BC59B1A}.Release|Any CPU.Build.0 = Release|Any CPU
		{B250AE68-F4C3-49D8-BE2B-2C619BC59B1A}.Release|x64.ActiveCfg = Release|Any CPU
		{B250AE68-F4C3-49D8-BE2B-2C619BC59B1A}.Release|x64.Build.0 = Release|Any CPU
		{B250AE68-F4C3-49D8-BE2B-2C619BC59B1A}.Release|x86.ActiveCfg = Release|Any CPU
		{B250AE68-F4C3-49D8-BE2B-2C619BC59B1A}.Release|x86.Build.0 = Release|Any CPU
		{BAA825B8-B979-4C92-AE0F-4AAEB860A4B8}.Debug|Any CPU.ActiveCfg = Debug|Any CPU
		{BAA825B8-B979-4C92-AE0F-4AAEB860A4B8}.Debug|Any CPU.Build.0 = Debug|Any CPU
		{BAA825B8-B979-4C92-AE0F-4AAEB860A4B8}.Debug|x64.ActiveCfg = Debug|Any CPU
		{BAA825B8-B979-4C92-AE0F-4AAEB860A4B8}.Debug|x64.Build.0 = Debug|Any CPU
		{BAA825B8-B979-4C92-AE0F-4AAEB860A4B8}.Debug|x86.ActiveCfg = Debug|Any CPU
		{BAA825B8-B979-4C92-AE0F-4AAEB860A4B8}.Debug|x86.Build.0 = Debug|Any CPU
		{BAA825B8-B979-4C92-AE0F-4AAEB860A4B8}.Release|Any CPU.ActiveCfg = Release|Any CPU
		{BAA825B8-B979-4C92-AE0F-4AAEB860A4B8}.Release|Any CPU.Build.0 = Release|Any CPU
		{BAA825B8-B979-4C92-AE0F-4AAEB860A4B8}.Release|x64.ActiveCfg = Release|Any CPU
		{BAA825B8-B979-4C92-AE0F-4AAEB860A4B8}.Release|x64.Build.0 = Release|Any CPU
		{BAA825B8-B979-4C92-AE0F-4AAEB860A4B8}.Release|x86.ActiveCfg = Release|Any CPU
		{BAA825B8-B979-4C92-AE0F-4AAEB860A4B8}.Release|x86.Build.0 = Release|Any CPU
	EndGlobalSection
	GlobalSection(SolutionProperties) = preSolution
		HideSolutionNode = FALSE
	EndGlobalSection
	GlobalSection(ExtensibilityGlobals) = postSolution
		SolutionGuid = {DA5F15D4-6D4D-4674-BA96-8A758508B8DB}
	EndGlobalSection
EndGlobal
